
Microsoft Visual Studio Solution File, Format Version 12.00
# Visual Studio 15
VisualStudioVersion = 15.0.28010.2046
MinimumVisualStudioVersion = 10.0.40219.1
Project("{FAE04EC0-301F-11D3-BF4B-00C04F79EFBC}") = "AscheLib.RecycleScrollView", "AscheLib.RecycleScrollView\AscheLib.RecycleScrollView.csproj", "{86EEF6F0-3E8D-4AD2-BAF2-B8C607886C14}"
EndProject
Project("{FAE04EC0-301F-11D3-BF4B-00C04F79EFBC}") = "AscheLib.RecycleScrollView.Editor", "AscheLib.RecycleScrollView.Editor\AscheLib.RecycleScrollView.Editor.csproj", "{519B52A0-B2AD-4614-8EC1-CA9B3226C5C1}"
EndProject
Global
	GlobalSection(SolutionConfigurationPlatforms) = preSolution
		Debug|Any CPU = Debug|Any CPU
		Release|Any CPU = Release|Any CPU
	EndGlobalSection
	GlobalSection(ProjectConfigurationPlatforms) = postSolution
		{86EEF6F0-3E8D-4AD2-BAF2-B8C607886C14}.Debug|Any CPU.ActiveCfg = Debug|Any CPU
		{86EEF6F0-3E8D-4AD2-BAF2-B8C607886C14}.Debug|Any CPU.Build.0 = Debug|Any CPU
		{86EEF6F0-3E8D-4AD2-BAF2-B8C607886C14}.Release|Any CPU.ActiveCfg = Release|Any CPU
		{86EEF6F0-3E8D-4AD2-BAF2-B8C607886C14}.Release|Any CPU.Build.0 = Release|Any CPU
		{519B52A0-B2AD-4614-8EC1-CA9B3226C5C1}.Debug|Any CPU.ActiveCfg = Debug|Any CPU
		{519B52A0-B2AD-4614-8EC1-CA9B3226C5C1}.Debug|Any CPU.Build.0 = Debug|Any CPU
		{519B52A0-B2AD-4614-8EC1-CA9B3226C5C1}.Release|Any CPU.ActiveCfg = Release|Any CPU
		{519B52A0-B2AD-4614-8EC1-CA9B3226C5C1}.Release|Any CPU.Build.0 = Release|Any CPU
	EndGlobalSection
	GlobalSection(SolutionProperties) = preSolution
		HideSolutionNode = FALSE
	EndGlobalSection
	GlobalSection(ExtensibilityGlobals) = postSolution
		SolutionGuid = {60CBF533-2982-49AE-A789-F1CAD2E6E5BC}
	EndGlobalSection
EndGlobal
